
Microsoft Visual Studio Solution File, Format Version 12.00
# Visual Studio 15
VisualStudioVersion = 15.0.27428.1
MinimumVisualStudioVersion = 10.0.40219.1
Project("{9A19103F-16F7-4668-BE54-9A1E7A4F7556}") = "WebApplication1", "WebApplication1\WebApplication1.csproj", "{BED03317-387E-49A6-8DE0-2D82847950AD}"
EndProject
Project("{2150E333-8FDC-42A3-9474-1A3956D46DE8}") = "Business Layer", "Business Layer", "{3B562C1B-6BC7-4161-A08D-E1326205F3E1}"
	ProjectSection(SolutionItems) = preProject
		Account.cs = Account.cs
	EndProjectSection
EndProject
Project("{2150E333-8FDC-42A3-9474-1A3956D46DE8}") = "Data Layer", "Data Layer", "{43337C72-C258-41B2-8095-AC26CBAD460A}"
EndProject
Project("{9A19103F-16F7-4668-BE54-9A1E7A4F7556}") = "AppModelProject", "AppModelProject\AppModelProject.csproj", "{FA7920B2-0FA1-4595-9FE1-9FC016624D1B}"
EndProject
Project("{9A19103F-16F7-4668-BE54-9A1E7A4F7556}") = "AppBusinessProject", "AppBusinessProject\AppBusinessProject.csproj", "{B6528DF1-287F-43AD-A2EC-EC46EEF9CA95}"
EndProject
Global
	GlobalSection(SolutionConfigurationPlatforms) = preSolution
		Debug|Any CPU = Debug|Any CPU
		Release|Any CPU = Release|Any CPU
	EndGlobalSection
	GlobalSection(ProjectConfigurationPlatforms) = postSolution
		{BED03317-387E-49A6-8DE0-2D82847950AD}.Debug|Any CPU.ActiveCfg = Debug|Any CPU
		{BED03317-387E-49A6-8DE0-2D82847950AD}.Debug|Any CPU.Build.0 = Debug|Any CPU
		{BED03317-387E-49A6-8DE0-2D82847950AD}.Release|Any CPU.ActiveCfg = Release|Any CPU
		{BED03317-387E-49A6-8DE0-2D82847950AD}.Release|Any CPU.Build.0 = Release|Any CPU
		{FA7920B2-0FA1-4595-9FE1-9FC016624D1B}.Debug|Any CPU.ActiveCfg = Debug|Any CPU
		{FA7920B2-0FA1-4595-9FE1-9FC016624D1B}.Debug|Any CPU.Build.0 = Debug|Any CPU
		{FA7920B2-0FA1-4595-9FE1-9FC016624D1B}.Release|Any CPU.ActiveCfg = Release|Any CPU
		{FA7920B2-0FA1-4595-9FE1-9FC016624D1B}.Release|Any CPU.Build.0 = Release|Any CPU
		{B6528DF1-287F-43AD-A2EC-EC46EEF9CA95}.Debug|Any CPU.ActiveCfg = Debug|Any CPU
		{B6528DF1-287F-43AD-A2EC-EC46EEF9CA95}.Debug|Any CPU.Build.0 = Debug|Any CPU
		{B6528DF1-287F-43AD-A2EC-EC46EEF9CA95}.Release|Any CPU.ActiveCfg = Release|Any CPU
		{B6528DF1-287F-43AD-A2EC-EC46EEF9CA95}.Release|Any CPU.Build.0 = Release|Any CPU
	EndGlobalSection
	GlobalSection(SolutionProperties) = preSolution
		HideSolutionNode = FALSE
	EndGlobalSection
	GlobalSection(NestedProjects) = preSolution
		{FA7920B2-0FA1-4595-9FE1-9FC016624D1B} = {43337C72-C258-41B2-8095-AC26CBAD460A}
		{B6528DF1-287F-43AD-A2EC-EC46EEF9CA95} = {3B562C1B-6BC7-4161-A08D-E1326205F3E1}
	EndGlobalSection
	GlobalSection(ExtensibilityGlobals) = postSolution
		SolutionGuid = {1FCAE70E-A0AC-4DDE-9D43-CF8EADF1794C}
	EndGlobalSection
EndGlobal
